
Microsoft Visual Studio Solution File, Format Version 12.00
# Visual Studio Version 17
VisualStudioVersion = 17.0.32112.339
MinimumVisualStudioVersion = 10.0.40219.1
Project("{FAE04EC0-301F-11D3-BF4B-00C04F79EFBC}") = "OnlineShoping", "OnlineShoping\OnlineShoping.csproj", "{2983C48D-7E57-455B-B56F-4A816D374005}"
EndProject
Global
	GlobalSection(SolutionConfigurationPlatforms) = preSolution
		Debug|Any CPU = Debug|Any CPU
		Release|Any CPU = Release|Any CPU
	EndGlobalSection
	GlobalSection(ProjectConfigurationPlatforms) = postSolution
		{2983C48D-7E57-455B-B56F-4A816D374005}.Debug|Any CPU.ActiveCfg = Debug|Any CPU
		{2983C48D-7E57-455B-B56F-4A816D374005}.Debug|Any CPU.Build.0 = Debug|Any CPU
		{2983C48D-7E57-455B-B56F-4A816D374005}.Release|Any CPU.ActiveCfg = Release|Any CPU
		{2983C48D-7E57-455B-B56F-4A816D374005}.Release|Any CPU.Build.0 = Release|Any CPU
	EndGlobalSection
	GlobalSection(SolutionProperties) = preSolution
		HideSolutionNode = FALSE
	EndGlobalSection
	GlobalSection(ExtensibilityGlobals) = postSolution
		SolutionGuid = {4463E54F-8A14-4735-B1F8-0472C223FF0E}
	EndGlobalSection
EndGlobal
